
Microsoft Visual Studio Solution File, Format Version 12.00
# Visual Studio Version 17
VisualStudioVersion = 17.11.35327.3
MinimumVisualStudioVersion = 10.0.40219.1
Project("{8BC9CEB8-8B4A-11D0-8D11-00A0C91BC942}") = "Student", "Student.vcxproj", "{8BAC1667-ACBB-4A4D-AC97-848DC0F5D709}"
EndProject
Global
	GlobalSection(SolutionConfigurationPlatforms) = preSolution
		Debug|x64 = Debug|x64
		Debug|x86 = Debug|x86
		Release|x64 = Release|x64
		Release|x86 = Release|x86
	EndGlobalSection
	GlobalSection(ProjectConfigurationPlatforms) = postSolution
		{8BAC1667-ACBB-4A4D-AC97-848DC0F5D709}.Debug|x64.ActiveCfg = Debug|x64
		{8BAC1667-ACBB-4A4D-AC97-848DC0F5D709}.Debug|x64.Build.0 = Debug|x64
		{8BAC1667-ACBB-4A4D-AC97-848DC0F5D709}.Debug|x86.ActiveCfg = Debug|Win32
		{8BAC1667-ACBB-4A4D-AC97-848DC0F5D709}.Debug|x86.Build.0 = Debug|Win32
		{8BAC1667-ACBB-4A4D-AC97-848DC0F5D709}.Release|x64.ActiveCfg = Release|x64
		{8BAC1667-ACBB-4A4D-AC97-848DC0F5D709}.Release|x64.Build.0 = Release|x64
		{8BAC1667-ACBB-4A4D-AC97-848DC0F5D709}.Release|x86.ActiveCfg = Release|Win32
		{8BAC1667-ACBB-4A4D-AC97-848DC0F5D709}.Release|x86.Build.0 = Release|Win32
	EndGlobalSection
	GlobalSection(SolutionProperties) = preSolution
		HideSolutionNode = FALSE
	EndGlobalSection
	GlobalSection(ExtensibilityGlobals) = postSolution
		SolutionGuid = {58E884E9-0288-4D77-ADF9-D0F72946D4CD}
	EndGlobalSection
EndGlobal
